
Microsoft Visual Studio Solution File, Format Version 12.00
# Visual Studio Version 17
VisualStudioVersion = 17.6.33829.357
MinimumVisualStudioVersion = 10.0.40219.1
Project("{9A19103F-16F7-4668-BE54-9A1E7A4F7556}") = "Malikinden", "Malikinden\Malikinden.csproj", "{44918121-776C-4D3F-9CB7-49E5B355F414}"
EndProject
Project("{9A19103F-16F7-4668-BE54-9A1E7A4F7556}") = "Entity", "Entity\Entity.csproj", "{7FAFA1A2-3545-47FE-B61A-DACB2CF3F90C}"
EndProject
Project("{9A19103F-16F7-4668-BE54-9A1E7A4F7556}") = "Data", "Data\Data.csproj", "{1F15BB09-B89C-452A-8601-AA345DA46828}"
EndProject
Project("{9A19103F-16F7-4668-BE54-9A1E7A4F7556}") = "BusinessLogic", "BusinessLogic\BusinessLogic.csproj", "{B9EFF8FA-E69F-4E99-B93A-784AE45CD605}"
EndProject
Project("{FAE04EC0-301F-11D3-BF4B-00C04F79EFBC}") = "Core", "Core\Core.csproj", "{E780453B-B1FB-483C-801E-01A630DE7005}"
EndProject
Global
	GlobalSection(SolutionConfigurationPlatforms) = preSolution
		Debug|Any CPU = Debug|Any CPU
		Release|Any CPU = Release|Any CPU
	EndGlobalSection
	GlobalSection(ProjectConfigurationPlatforms) = postSolution
		{44918121-776C-4D3F-9CB7-49E5B355F414}.Debug|Any CPU.ActiveCfg = Debug|Any CPU
		{44918121-776C-4D3F-9CB7-49E5B355F414}.Debug|Any CPU.Build.0 = Debug|Any CPU
		{44918121-776C-4D3F-9CB7-49E5B355F414}.Release|Any CPU.ActiveCfg = Release|Any CPU
		{44918121-776C-4D3F-9CB7-49E5B355F414}.Release|Any CPU.Build.0 = Release|Any CPU
		{7FAFA1A2-3545-47FE-B61A-DACB2CF3F90C}.Debug|Any CPU.ActiveCfg = Debug|Any CPU
		{7FAFA1A2-3545-47FE-B61A-DACB2CF3F90C}.Debug|Any CPU.Build.0 = Debug|Any CPU
		{7FAFA1A2-3545-47FE-B61A-DACB2CF3F90C}.Release|Any CPU.ActiveCfg = Release|Any CPU
		{7FAFA1A2-3545-47FE-B61A-DACB2CF3F90C}.Release|Any CPU.Build.0 = Release|Any CPU
		{1F15BB09-B89C-452A-8601-AA345DA46828}.Debug|Any CPU.ActiveCfg = Debug|Any CPU
		{1F15BB09-B89C-452A-8601-AA345DA46828}.Debug|Any CPU.Build.0 = Debug|Any CPU
		{1F15BB09-B89C-452A-8601-AA345DA46828}.Release|Any CPU.ActiveCfg = Release|Any CPU
		{1F15BB09-B89C-452A-8601-AA345DA46828}.Release|Any CPU.Build.0 = Release|Any CPU
		{B9EFF8FA-E69F-4E99-B93A-784AE45CD605}.Debug|Any CPU.ActiveCfg = Debug|Any CPU
		{B9EFF8FA-E69F-4E99-B93A-784AE45CD605}.Debug|Any CPU.Build.0 = Debug|Any CPU
		{B9EFF8FA-E69F-4E99-B93A-784AE45CD605}.Release|Any CPU.ActiveCfg = Release|Any CPU
		{B9EFF8FA-E69F-4E99-B93A-784AE45CD605}.Release|Any CPU.Build.0 = Release|Any CPU
		{E780453B-B1FB-483C-801E-01A630DE7005}.Debug|Any CPU.ActiveCfg = Debug|Any CPU
		{E780453B-B1FB-483C-801E-01A630DE7005}.Debug|Any CPU.Build.0 = Debug|Any CPU
		{E780453B-B1FB-483C-801E-01A630DE7005}.Release|Any CPU.ActiveCfg = Release|Any CPU
		{E780453B-B1FB-483C-801E-01A630DE7005}.Release|Any CPU.Build.0 = Release|Any CPU
	EndGlobalSection
	GlobalSection(SolutionProperties) = preSolution
		HideSolutionNode = FALSE
	EndGlobalSection
	GlobalSection(ExtensibilityGlobals) = postSolution
		SolutionGuid = {F5460035-9284-4D95-A384-7D32402A0AFC}
	EndGlobalSection
EndGlobal
